
Microsoft Visual Studio Solution File, Format Version 12.00
# Visual Studio Version 17
VisualStudioVersion = 17.5.002.0
MinimumVisualStudioVersion = 10.0.40219.1
Project("{9A19103F-16F7-4668-BE54-9A1E7A4F7556}") = "exercicio-negativo", "exercicio-negativo.csproj", "{149604B3-25BA-4DC1-80B7-ECEFAC290EBE}"
EndProject
Global
	GlobalSection(SolutionConfigurationPlatforms) = preSolution
		Debug|Any CPU = Debug|Any CPU
		Release|Any CPU = Release|Any CPU
	EndGlobalSection
	GlobalSection(ProjectConfigurationPlatforms) = postSolution
		{149604B3-25BA-4DC1-80B7-ECEFAC290EBE}.Debug|Any CPU.ActiveCfg = Debug|Any CPU
		{149604B3-25BA-4DC1-80B7-ECEFAC290EBE}.Debug|Any CPU.Build.0 = Debug|Any CPU
		{149604B3-25BA-4DC1-80B7-ECEFAC290EBE}.Release|Any CPU.ActiveCfg = Release|Any CPU
		{149604B3-25BA-4DC1-80B7-ECEFAC290EBE}.Release|Any CPU.Build.0 = Release|Any CPU
	EndGlobalSection
	GlobalSection(SolutionProperties) = preSolution
		HideSolutionNode = FALSE
	EndGlobalSection
	GlobalSection(ExtensibilityGlobals) = postSolution
		SolutionGuid = {3DD4F4DC-B49C-4085-AAA4-CEBCEE5A3976}
	EndGlobalSection
EndGlobal
